Microsoft Visual Studio Solution File, Format Version 12.00
# Visual Studio Version 17
VisualStudioVersion = 17.4.33213.308
MinimumVisualStudioVersion = 10.0.40219.1
Project("{9A19103F-16F7-4668-BE54-9A1E7A4F7556}") = "visualspec.test", "visualspec.test\visualspec.test.csproj", "{C183AD1A-0679-44BF-BB2D-5BEE2FABEF6A}"
EndProject
Global
	GlobalSection(SolutionConfigurationPlatforms) = preSolution
		Debug|Any CPU = Debug|Any CPU
		Release|Any CPU = Release|Any CPU
	EndGlobalSection
	GlobalSection(ProjectConfigurationPlatforms) = postSolution
		{C183AD1A-0679-44BF-BB2D-5BEE2FABEF6A}.Debug|Any CPU.ActiveCfg = Debug|Any CPU
		{C183AD1A-0679-44BF-BB2D-5BEE2FABEF6A}.Debug|Any CPU.Build.0 = Debug|Any CPU
		{C183AD1A-0679-44BF-BB2D-5BEE2FABEF6A}.Release|Any CPU.ActiveCfg = Release|Any CPU
		{C183AD1A-0679-44BF-BB2D-5BEE2FABEF6A}.Release|Any CPU.Build.0 = Release|Any CPU
	EndGlobalSection
	GlobalSection(SolutionProperties) = preSolution
		HideSolutionNode = FALSE
	EndGlobalSection
	GlobalSection(ExtensibilityGlobals) = postSolution
		SolutionGuid = {A1ECB344-7BB1-47A0-AB39-A916FA7B6B2E}
	EndGlobalSection
EndGlobal
